
Microsoft Visual Studio Solution File, Format Version 12.00
# Visual Studio 15
VisualStudioVersion = 15.0.28307.106
MinimumVisualStudioVersion = 10.0.40219.1
Project("{FAE04EC0-301F-11D3-BF4B-00C04F79EFBC}") = "Day 25 - The Halting Problem", "Day 25 - The Halting Problem\Day 25 - The Halting Problem.csproj", "{D404E325-E7F0-4455-BAC2-015E1241078A}"
EndProject
Project("{FAE04EC0-301F-11D3-BF4B-00C04F79EFBC}") = "Day 07 - Recursive Circus", "Day 07 - Recursive Circus\Day 07 - Recursive Circus.csproj", "{29F85821-CCEB-444D-978A-0DC5CCA1E8E4}"
EndProject
Project("{FAE04EC0-301F-11D3-BF4B-00C04F79EFBC}") = "Day 01 - Inverse Captcha", "Day 01 - Inverse Captcha\Day 01 - Inverse Captcha.csproj", "{E7B231CB-B5F8-47C6-96D8-A33BD0C7EFA1}"
EndProject
Project("{FAE04EC0-301F-11D3-BF4B-00C04F79EFBC}") = "Day 02 - Corruption Checksum", "Day 02 - Corruption Checksum\Day 02 - Corruption Checksum.csproj", "{6FB5E000-EEF6-4742-BC8E-0845933B6A96}"
EndProject
Project("{FAE04EC0-301F-11D3-BF4B-00C04F79EFBC}") = "Day 03 - Spiral Memory", "Day 03 - Spiral Memory\Day 03 - Spiral Memory.csproj", "{0BD11D27-858E-4A97-A175-A94371289031}"
EndProject
Project("{FAE04EC0-301F-11D3-BF4B-00C04F79EFBC}") = "Day 04 - High-Entropy Passphrases", "Day 04 - High-Entropy Passphrases\Day 04 - High-Entropy Passphrases.csproj", "{E674152F-9349-44B9-AC68-79410E014AEF}"
EndProject
Project("{FAE04EC0-301F-11D3-BF4B-00C04F79EFBC}") = "Day 05 - A Maze of Twisty Trampolines, All Alike", "Day 05 - A Maze of Twisty Trampolines, All Alike\Day 05 - A Maze of Twisty Trampolines, All Alike.csproj", "{15764625-A53B-4873-AD89-809D5253EE92}"
EndProject
Project("{FAE04EC0-301F-11D3-BF4B-00C04F79EFBC}") = "Day 06 - Memory Reallocation", "Day 06 - Memory Reallocation\Day 06 - Memory Reallocation.csproj", "{A0FDF780-C021-4E4E-823F-2136B1AFCBA5}"
EndProject
Project("{FAE04EC0-301F-11D3-BF4B-00C04F79EFBC}") = "Day 08 - I Heard You Like Registers", "Day 08 - I Heard You Like Registers\Day 08 - I Heard You Like Registers.csproj", "{80538AE0-20A9-4696-83D4-3A0A23DF1A2C}"
EndProject
Project("{FAE04EC0-301F-11D3-BF4B-00C04F79EFBC}") = "Day 09 - Stream Processing", "Day 09 - Stream Processing\Day 09 - Stream Processing.csproj", "{5792F660-8C7E-47B1-A4AC-66C2CFACADB9}"
EndProject
Project("{FAE04EC0-301F-11D3-BF4B-00C04F79EFBC}") = "Day 10 - Knot Hash", "Day 10 - Knot Hash\Day 10 - Knot Hash.csproj", "{03935E57-340A-4678-A686-BCC061343DCA}"
EndProject
Project("{FAE04EC0-301F-11D3-BF4B-00C04F79EFBC}") = "Day 11 - Hex Ed", "Day 11 - Hex Ed\Day 11 - Hex Ed.csproj", "{53FFBA3C-E662-444A-9B08-1E41FB916304}"
EndProject
Project("{FAE04EC0-301F-11D3-BF4B-00C04F79EFBC}") = "Day 12 - Digital Plumber", "Day 12 - Digital Plumber\Day 12 - Digital Plumber.csproj", "{97314564-CF92-44F7-A966-E1396B032CF6}"
EndProject
Global
	GlobalSection(SolutionConfigurationPlatforms) = preSolution
		Debug|Any CPU = Debug|Any CPU
		Release|Any CPU = Release|Any CPU
	EndGlobalSection
	GlobalSection(ProjectConfigurationPlatforms) = postSolution
		{D404E325-E7F0-4455-BAC2-015E1241078A}.Debug|Any CPU.ActiveCfg = Debug|Any CPU
		{D404E325-E7F0-4455-BAC2-015E1241078A}.Debug|Any CPU.Build.0 = Debug|Any CPU
		{D404E325-E7F0-4455-BAC2-015E1241078A}.Release|Any CPU.ActiveCfg = Release|Any CPU
		{D404E325-E7F0-4455-BAC2-015E1241078A}.Release|Any CPU.Build.0 = Release|Any CPU
		{29F85821-CCEB-444D-978A-0DC5CCA1E8E4}.Debug|Any CPU.ActiveCfg = Debug|Any CPU
		{29F85821-CCEB-444D-978A-0DC5CCA1E8E4}.Debug|Any CPU.Build.0 = Debug|Any CPU
		{29F85821-CCEB-444D-978A-0DC5CCA1E8E4}.Release|Any CPU.ActiveCfg = Release|Any CPU
		{29F85821-CCEB-444D-978A-0DC5CCA1E8E4}.Release|Any CPU.Build.0 = Release|Any CPU
		{E7B231CB-B5F8-47C6-96D8-A33BD0C7EFA1}.Debug|Any CPU.ActiveCfg = Debug|Any CPU
		{E7B231CB-B5F8-47C6-96D8-A33BD0C7EFA1}.Debug|Any CPU.Build.0 = Debug|Any CPU
		{E7B231CB-B5F8-47C6-96D8-A33BD0C7EFA1}.Release|Any CPU.ActiveCfg = Release|Any CPU
		{E7B231CB-B5F8-47C6-96D8-A33BD0C7EFA1}.Release|Any CPU.Build.0 = Release|Any CPU
		{6FB5E000-EEF6-4742-BC8E-0845933B6A96}.Debug|Any CPU.ActiveCfg = Debug|Any CPU
		{6FB5E000-EEF6-4742-BC8E-0845933B6A96}.Debug|Any CPU.Build.0 = Debug|Any CPU
		{6FB5E000-EEF6-4742-BC8E-0845933B6A96}.Release|Any CPU.ActiveCfg = Release|Any CPU
		{6FB5E000-EEF6-4742-BC8E-0845933B6A96}.Release|Any CPU.Build.0 = Release|Any CPU
		{0BD11D27-858E-4A97-A175-A94371289031}.Debug|Any CPU.ActiveCfg = Debug|Any CPU
		{0BD11D27-858E-4A97-A175-A94371289031}.Debug|Any CPU.Build.0 = Debug|Any CPU
		{0BD11D27-858E-4A97-A175-A94371289031}.Release|Any CPU.ActiveCfg = Release|Any CPU
		{0BD11D27-858E-4A97-A175-A94371289031}.Release|Any CPU.Build.0 = Release|Any CPU
		{E674152F-9349-44B9-AC68-79410E014AEF}.Debug|Any CPU.ActiveCfg = Debug|Any CPU
		{E674152F-9349-44B9-AC68-79410E014AEF}.Debug|Any CPU.Build.0 = Debug|Any CPU
		{E674152F-9349-44B9-AC68-79410E014AEF}.Release|Any CPU.ActiveCfg = Release|Any CPU
		{E674152F-9349-44B9-AC68-79410E014AEF}.Release|Any CPU.Build.0 = Release|Any CPU
		{15764625-A53B-4873-AD89-809D5253EE92}.Debug|Any CPU.ActiveCfg = Debug|Any CPU
		{15764625-A53B-4873-AD89-809D5253EE92}.Debug|Any CPU.Build.0 = Debug|Any CPU
		{15764625-A53B-4873-AD89-809D5253EE92}.Release|Any CPU.ActiveCfg = Release|Any CPU
		{15764625-A53B-4873-AD89-809D5253EE92}.Release|Any CPU.Build.0 = Release|Any CPU
		{A0FDF780-C021-4E4E-823F-2136B1AFCBA5}.Debug|Any CPU.ActiveCfg = Debug|Any CPU
		{A0FDF780-C021-4E4E-823F-2136B1AFCBA5}.Debug|Any CPU.Build.0 = Debug|Any CPU
		{A0FDF780-C021-4E4E-823F-2136B1AFCBA5}.Release|Any CPU.ActiveCfg = Release|Any CPU
		{A0FDF780-C021-4E4E-823F-2136B1AFCBA5}.Release|Any CPU.Build.0 = Release|Any CPU
		{80538AE0-20A9-4696-83D4-3A0A23DF1A2C}.Debug|Any CPU.ActiveCfg = Debug|Any CPU
		{80538AE0-20A9-4696-83D4-3A0A23DF1A2C}.Debug|Any CPU.Build.0 = Debug|Any CPU
		{80538AE0-20A9-4696-83D4-3A0A23DF1A2C}.Release|Any CPU.ActiveCfg = Release|Any CPU
		{80538AE0-20A9-4696-83D4-3A0A23DF1A2C}.Release|Any CPU.Build.0 = Release|Any CPU
		{5792F660-8C7E-47B1-A4AC-66C2CFACADB9}.Debug|Any CPU.ActiveCfg = Debug|Any CPU
		{5792F660-8C7E-47B1-A4AC-66C2CFACADB9}.Debug|Any CPU.Build.0 = Debug|Any CPU
		{5792F660-8C7E-47B1-A4AC-66C2CFACADB9}.Release|Any CPU.ActiveCfg = Release|Any CPU
		{5792F660-8C7E-47B1-A4AC-66C2CFACADB9}.Release|Any CPU.Build.0 = Release|Any CPU
		{03935E57-340A-4678-A686-BCC061343DCA}.Debug|Any CPU.ActiveCfg = Debug|Any CPU
		{03935E57-340A-4678-A686-BCC061343DCA}.Debug|Any CPU.Build.0 = Debug|Any CPU
		{03935E57-340A-4678-A686-BCC061343DCA}.Release|Any CPU.ActiveCfg = Release|Any CPU
		{03935E57-340A-4678-A686-BCC061343DCA}.Release|Any CPU.Build.0 = Release|Any CPU
		{53FFBA3C-E662-444A-9B08-1E41FB916304}.Debug|Any CPU.ActiveCfg = Debug|Any CPU
		{53FFBA3C-E662-444A-9B08-1E41FB916304}.Debug|Any CPU.Build.0 = Debug|Any CPU
		{53FFBA3C-E662-444A-9B08-1E41FB916304}.Release|Any CPU.ActiveCfg = Release|Any CPU
		{53FFBA3C-E662-444A-9B08-1E41FB916304}.Release|Any CPU.Build.0 = Release|Any CPU
		{97314564-CF92-44F7-A966-E1396B032CF6}.Debug|Any CPU.ActiveCfg = Debug|Any CPU
		{97314564-CF92-44F7-A966-E1396B032CF6}.Debug|Any CPU.Build.0 = Debug|Any CPU
		{97314564-CF92-44F7-A966-E1396B032CF6}.Release|Any CPU.ActiveCfg = Release|Any CPU
		{97314564-CF92-44F7-A966-E1396B032CF6}.Release|Any CPU.Build.0 = Release|Any CPU
	EndGlobalSection
	GlobalSection(SolutionProperties) = preSolution
		HideSolutionNode = FALSE
	EndGlobalSection
	GlobalSection(ExtensibilityGlobals) = postSolution
		SolutionGuid = {BF45806F-AC6A-4E83-A991-E39C183BD0C0}
	EndGlobalSection
EndGlobal
