
Microsoft Visual Studio Solution File, Format Version 12.00
# Visual Studio 15
VisualStudioVersion = 15.0.27703.2042
MinimumVisualStudioVersion = 10.0.40219.1
Project("{FAE04EC0-301F-11D3-BF4B-00C04F79EFBC}") = "Day 01 - Chronal Calibration", "Day 01 - Chronal Calibration\Day 01 - Chronal Calibration.csproj", "{16936C06-6828-41EA-BE37-93258516C54B}"
EndProject
Project("{FAE04EC0-301F-11D3-BF4B-00C04F79EFBC}") = "Day 02 - Inventory Management System", "Day 02 - Inventory Management System\Day 02 - Inventory Management System.csproj", "{E79316B9-BAD2-4101-BE5C-90EB6459D9CD}"
EndProject
Project("{FAE04EC0-301F-11D3-BF4B-00C04F79EFBC}") = "Day 03 - No Matter How You Slice It", "Day 03 - No Matter How You Slice It\Day 03 - No Matter How You Slice It.csproj", "{BF5F6B1D-9BE4-4908-B621-873AF13773FD}"
EndProject
Project("{FAE04EC0-301F-11D3-BF4B-00C04F79EFBC}") = "Day 04 - Repose Record", "Day 04 - Repose Record\Day 04 - Repose Record.csproj", "{C01C038C-EF81-48CD-B242-6DABAE3169FC}"
EndProject
Project("{FAE04EC0-301F-11D3-BF4B-00C04F79EFBC}") = "Day 05 - Alchemical Reduction", "Day 05 - Alchemical Reduction\Day 05 - Alchemical Reduction.csproj", "{9652B6B1-6EAB-4CA3-9884-B3AFB65AFD61}"
EndProject
Project("{FAE04EC0-301F-11D3-BF4B-00C04F79EFBC}") = "Day 06 - Chronal Coordinates", "Day 06 - Chronal Coordinates\Day 06 - Chronal Coordinates.csproj", "{2297A2DF-699F-4338-8167-CEFAF198647E}"
EndProject
Project("{FAE04EC0-301F-11D3-BF4B-00C04F79EFBC}") = "Day 10 - The Stars Align", "Day 10 - The Stars Align\Day 10 - The Stars Align.csproj", "{77FFB97B-D181-480F-B97B-13717B55CDF6}"
EndProject
Project("{FAE04EC0-301F-11D3-BF4B-00C04F79EFBC}") = "Day 08 - Memory Maneuver", "Day 08 - Memory Maneuver\Day 08 - Memory Maneuver.csproj", "{7AA600A4-5325-49C4-B33D-E796805B20C1}"
EndProject
Project("{FAE04EC0-301F-11D3-BF4B-00C04F79EFBC}") = "Day 09 - Marble Mania", "Day 09 - Marble Mania\Day 09 - Marble Mania.csproj", "{4ACBE321-1BED-4D76-8AF6-EF5DA63D36E5}"
EndProject
Global
	GlobalSection(SolutionConfigurationPlatforms) = preSolution
		Debug|Any CPU = Debug|Any CPU
		Release|Any CPU = Release|Any CPU
	EndGlobalSection
	GlobalSection(ProjectConfigurationPlatforms) = postSolution
		{16936C06-6828-41EA-BE37-93258516C54B}.Debug|Any CPU.ActiveCfg = Debug|Any CPU
		{16936C06-6828-41EA-BE37-93258516C54B}.Debug|Any CPU.Build.0 = Debug|Any CPU
		{16936C06-6828-41EA-BE37-93258516C54B}.Release|Any CPU.ActiveCfg = Release|Any CPU
		{16936C06-6828-41EA-BE37-93258516C54B}.Release|Any CPU.Build.0 = Release|Any CPU
		{E79316B9-BAD2-4101-BE5C-90EB6459D9CD}.Debug|Any CPU.ActiveCfg = Debug|Any CPU
		{E79316B9-BAD2-4101-BE5C-90EB6459D9CD}.Debug|Any CPU.Build.0 = Debug|Any CPU
		{E79316B9-BAD2-4101-BE5C-90EB6459D9CD}.Release|Any CPU.ActiveCfg = Release|Any CPU
		{E79316B9-BAD2-4101-BE5C-90EB6459D9CD}.Release|Any CPU.Build.0 = Release|Any CPU
		{BF5F6B1D-9BE4-4908-B621-873AF13773FD}.Debug|Any CPU.ActiveCfg = Debug|Any CPU
		{BF5F6B1D-9BE4-4908-B621-873AF13773FD}.Debug|Any CPU.Build.0 = Debug|Any CPU
		{BF5F6B1D-9BE4-4908-B621-873AF13773FD}.Release|Any CPU.ActiveCfg = Release|Any CPU
		{BF5F6B1D-9BE4-4908-B621-873AF13773FD}.Release|Any CPU.Build.0 = Release|Any CPU
		{C01C038C-EF81-48CD-B242-6DABAE3169FC}.Debug|Any CPU.ActiveCfg = Debug|Any CPU
		{C01C038C-EF81-48CD-B242-6DABAE3169FC}.Debug|Any CPU.Build.0 = Debug|Any CPU
		{C01C038C-EF81-48CD-B242-6DABAE3169FC}.Release|Any CPU.ActiveCfg = Release|Any CPU
		{C01C038C-EF81-48CD-B242-6DABAE3169FC}.Release|Any CPU.Build.0 = Release|Any CPU
		{9652B6B1-6EAB-4CA3-9884-B3AFB65AFD61}.Debug|Any CPU.ActiveCfg = Debug|Any CPU
		{9652B6B1-6EAB-4CA3-9884-B3AFB65AFD61}.Debug|Any CPU.Build.0 = Debug|Any CPU
		{9652B6B1-6EAB-4CA3-9884-B3AFB65AFD61}.Release|Any CPU.ActiveCfg = Release|Any CPU
		{9652B6B1-6EAB-4CA3-9884-B3AFB65AFD61}.Release|Any CPU.Build.0 = Release|Any CPU
		{2297A2DF-699F-4338-8167-CEFAF198647E}.Debug|Any CPU.ActiveCfg = Debug|Any CPU
		{2297A2DF-699F-4338-8167-CEFAF198647E}.Debug|Any CPU.Build.0 = Debug|Any CPU
		{2297A2DF-699F-4338-8167-CEFAF198647E}.Release|Any CPU.ActiveCfg = Release|Any CPU
		{2297A2DF-699F-4338-8167-CEFAF198647E}.Release|Any CPU.Build.0 = Release|Any CPU
		{77FFB97B-D181-480F-B97B-13717B55CDF6}.Debug|Any CPU.ActiveCfg = Debug|Any CPU
		{77FFB97B-D181-480F-B97B-13717B55CDF6}.Debug|Any CPU.Build.0 = Debug|Any CPU
		{77FFB97B-D181-480F-B97B-13717B55CDF6}.Release|Any CPU.ActiveCfg = Release|Any CPU
		{77FFB97B-D181-480F-B97B-13717B55CDF6}.Release|Any CPU.Build.0 = Release|Any CPU
		{7AA600A4-5325-49C4-B33D-E796805B20C1}.Debug|Any CPU.ActiveCfg = Debug|Any CPU
		{7AA600A4-5325-49C4-B33D-E796805B20C1}.Debug|Any CPU.Build.0 = Debug|Any CPU
		{7AA600A4-5325-49C4-B33D-E796805B20C1}.Release|Any CPU.ActiveCfg = Release|Any CPU
		{7AA600A4-5325-49C4-B33D-E796805B20C1}.Release|Any CPU.Build.0 = Release|Any CPU
		{4ACBE321-1BED-4D76-8AF6-EF5DA63D36E5}.Debug|Any CPU.ActiveCfg = Debug|Any CPU
		{4ACBE321-1BED-4D76-8AF6-EF5DA63D36E5}.Debug|Any CPU.Build.0 = Debug|Any CPU
		{4ACBE321-1BED-4D76-8AF6-EF5DA63D36E5}.Release|Any CPU.ActiveCfg = Release|Any CPU
		{4ACBE321-1BED-4D76-8AF6-EF5DA63D36E5}.Release|Any CPU.Build.0 = Release|Any CPU
	EndGlobalSection
	GlobalSection(SolutionProperties) = preSolution
		HideSolutionNode = FALSE
	EndGlobalSection
	GlobalSection(ExtensibilityGlobals) = postSolution
		SolutionGuid = {25489AA3-E0D6-4D4E-8C0A-AC9E8EACCD23}
	EndGlobalSection
EndGlobal
