
Microsoft Visual Studio Solution File, Format Version 12.00
# Visual Studio 15
VisualStudioVersion = 15.0.27703.2042
MinimumVisualStudioVersion = 10.0.40219.1
Project("{FAE04EC0-301F-11D3-BF4B-00C04F79EFBC}") = "Day 1 - Chronal Calibration", "Day 1 - Chronal Calibration\Day 1 - Chronal Calibration.csproj", "{16936C06-6828-41EA-BE37-93258516C54B}"
EndProject
Global
	GlobalSection(SolutionConfigurationPlatforms) = preSolution
		Debug|Any CPU = Debug|Any CPU
		Release|Any CPU = Release|Any CPU
	EndGlobalSection
	GlobalSection(ProjectConfigurationPlatforms) = postSolution
		{16936C06-6828-41EA-BE37-93258516C54B}.Debug|Any CPU.ActiveCfg = Debug|Any CPU
		{16936C06-6828-41EA-BE37-93258516C54B}.Debug|Any CPU.Build.0 = Debug|Any CPU
		{16936C06-6828-41EA-BE37-93258516C54B}.Release|Any CPU.ActiveCfg = Release|Any CPU
		{16936C06-6828-41EA-BE37-93258516C54B}.Release|Any CPU.Build.0 = Release|Any CPU
	EndGlobalSection
	GlobalSection(SolutionProperties) = preSolution
		HideSolutionNode = FALSE
	EndGlobalSection
	GlobalSection(ExtensibilityGlobals) = postSolution
		SolutionGuid = {25489AA3-E0D6-4D4E-8C0A-AC9E8EACCD23}
	EndGlobalSection
EndGlobal
